
Microsoft Visual Studio Solution File, Format Version 12.00
# Visual Studio 15
VisualStudioVersion = 15.0.27004.2009
MinimumVisualStudioVersion = 10.0.40219.1
Project("{9A19103F-16F7-4668-BE54-9A1E7A4F7556}") = "JWT", "JWT1\JWT.csproj", "{8F9C1287-62BE-46E7-9452-4719DBFC9D63}"
EndProject
Project("{FAE04EC0-301F-11D3-BF4B-00C04F79EFBC}") = "Test", "Test\Test.csproj", "{2C32F0C7-55C8-4B6A-BCE4-A00D5C9D48E5}"
EndProject
Global
	GlobalSection(SolutionConfigurationPlatforms) = preSolution
		Debug|Any CPU = Debug|Any CPU
		Release|Any CPU = Release|Any CPU
	EndGlobalSection
	GlobalSection(ProjectConfigurationPlatforms) = postSolution
		{8F9C1287-62BE-46E7-9452-4719DBFC9D63}.Debug|Any CPU.ActiveCfg = Debug|Any CPU
		{8F9C1287-62BE-46E7-9452-4719DBFC9D63}.Debug|Any CPU.Build.0 = Debug|Any CPU
		{8F9C1287-62BE-46E7-9452-4719DBFC9D63}.Release|Any CPU.ActiveCfg = Release|Any CPU
		{8F9C1287-62BE-46E7-9452-4719DBFC9D63}.Release|Any CPU.Build.0 = Release|Any CPU
		{2C32F0C7-55C8-4B6A-BCE4-A00D5C9D48E5}.Debug|Any CPU.ActiveCfg = Debug|Any CPU
		{2C32F0C7-55C8-4B6A-BCE4-A00D5C9D48E5}.Debug|Any CPU.Build.0 = Debug|Any CPU
		{2C32F0C7-55C8-4B6A-BCE4-A00D5C9D48E5}.Release|Any CPU.ActiveCfg = Release|Any CPU
		{2C32F0C7-55C8-4B6A-BCE4-A00D5C9D48E5}.Release|Any CPU.Build.0 = Release|Any CPU
	EndGlobalSection
	GlobalSection(SolutionProperties) = preSolution
		HideSolutionNode = FALSE
	EndGlobalSection
	GlobalSection(ExtensibilityGlobals) = postSolution
		SolutionGuid = {DF210460-8A63-4839-A232-E132CAD04D36}
	EndGlobalSection
EndGlobal
